
Microsoft Visual Studio Solution File, Format Version 12.00
# Visual Studio 2012
Project("{FAE04EC0-301F-11D3-BF4B-00C04F79EFBC}") = "Units", "Units\Units.csproj", "{5C21F8E4-02C4-4614-97C7-1899F4E6E634}"
EndProject
Global
	GlobalSection(SolutionConfigurationPlatforms) = preSolution
		Debug|Any CPU = Debug|Any CPU
		Release|Any CPU = Release|Any CPU
	EndGlobalSection
	GlobalSection(ProjectConfigurationPlatforms) = postSolution
		{5C21F8E4-02C4-4614-97C7-1899F4E6E634}.Debug|Any CPU.ActiveCfg = Debug|Any CPU
		{5C21F8E4-02C4-4614-97C7-1899F4E6E634}.Debug|Any CPU.Build.0 = Debug|Any CPU
		{5C21F8E4-02C4-4614-97C7-1899F4E6E634}.Release|Any CPU.ActiveCfg = Release|Any CPU
		{5C21F8E4-02C4-4614-97C7-1899F4E6E634}.Release|Any CPU.Build.0 = Release|Any CPU
	EndGlobalSection
	GlobalSection(SolutionProperties) = preSolution
		HideSolutionNode = FALSE
	EndGlobalSection
EndGlobal
